// !$*UTF8*$!
{
	archiveVersion = 1;
	classes = {
	};
	objectVersion = 51;
	objects = {

/* Begin PBXBuildFile section */
		265D32BBDEC29019176B05F3 /* Pods_{{ cookiecutter.app_name }}UITests.framework in Frameworks */ = {isa = PBXBuildFile; fileRef = 774E0F5EFF74BF38BA9F7954 /* Pods_{{ cookiecutter.app_name }}UITests.framework */; };
		3261BA652312FE570028E98E /* Colors.xcassets in Resources */ = {isa = PBXBuildFile; fileRef = 3261BA642312FE570028E98E /* Colors.xcassets */; };
		32736E01230E9FEB00DDE479 /* Localizable.strings in Resources */ = {isa = PBXBuildFile; fileRef = 32736E03230E9FEB00DDE479 /* Localizable.strings */; };
		32736E08230EAA0900DDE479 /* R.generated.swift in Sources */ = {isa = PBXBuildFile; fileRef = 32736E07230EAA0900DDE479 /* R.generated.swift */; };
		3276F75A225B76E400A59503 /* AppDelegate.swift in Sources */ = {isa = PBXBuildFile; fileRef = 3276F759225B76E400A59503 /* AppDelegate.swift */; };
		3276F75C225B76E400A59503 /* ViewController.swift in Sources */ = {isa = PBXBuildFile; fileRef = 3276F75B225B76E400A59503 /* ViewController.swift */; };
		3276F75F225B76E400A59503 /* Main.storyboard in Resources */ = {isa = PBXBuildFile; fileRef = 3276F75D225B76E400A59503 /* Main.storyboard */; };
		3276F762225B76E400A59503 /* {{ cookiecutter.app_name }}.xcdatamodeld in Sources */ = {isa = PBXBuildFile; fileRef = 3276F760225B76E400A59503 /* {{ cookiecutter.app_name }}.xcdatamodeld */; };
		3276F764225B76E500A59503 /* Images.xcassets in Resources */ = {isa = PBXBuildFile; fileRef = 3276F763225B76E500A59503 /* Images.xcassets */; };
		3276F767225B76E500A59503 /* LaunchScreen.storyboard in Resources */ = {isa = PBXBuildFile; fileRef = 3276F765225B76E500A59503 /* LaunchScreen.storyboard */; };
		3276F772225B76E500A59503 /* {{ cookiecutter.app_name }}Tests.swift in Sources */ = {isa = PBXBuildFile; fileRef = 3276F771225B76E500A59503 /* {{ cookiecutter.app_name }}Tests.swift */; };
		3276F77D225B76E500A59503 /* {{ cookiecutter.app_name }}UITests.swift in Sources */ = {isa = PBXBuildFile; fileRef = 3276F77C225B76E500A59503 /* {{ cookiecutter.app_name }}UITests.swift */; };
		3276F7A1225BA96500A59503 /* Constants.swift in Sources */ = {isa = PBXBuildFile; fileRef = 3276F7A0225BA96500A59503 /* Constants.swift */; };
		329F0B80230C9F6D00EF3A5D /* Production.debug.xcconfig in Resources */ = {isa = PBXBuildFile; fileRef = 329F0B7F230C9F6D00EF3A5D /* Production.debug.xcconfig */; };
		329F0B82230C9F9E00EF3A5D /* Production.release.xcconfig in Resources */ = {isa = PBXBuildFile; fileRef = 329F0B81230C9F9E00EF3A5D /* Production.release.xcconfig */; };
		329F0B84230CA07400EF3A5D /* Staging.debug.xcconfig in Resources */ = {isa = PBXBuildFile; fileRef = 329F0B83230CA07400EF3A5D /* Staging.debug.xcconfig */; };
		329F0B86230CA0A200EF3A5D /* Staging.release.xcconfig in Resources */ = {isa = PBXBuildFile; fileRef = 329F0B85230CA0A200EF3A5D /* Staging.release.xcconfig */; };
		329F0B8A230CA0F100EF3A5D /* Development.release.xcconfig in Resources */ = {isa = PBXBuildFile; fileRef = 329F0B89230CA0F100EF3A5D /* Development.release.xcconfig */; };
		32DC2FA02260154500B28E5E /* Staging.xcconfig in Resources */ = {isa = PBXBuildFile; fileRef = 32DC2F9C2260154400B28E5E /* Staging.xcconfig */; };
		32DC2FA12260154500B28E5E /* Base.xcconfig in Resources */ = {isa = PBXBuildFile; fileRef = 32DC2F9D2260154500B28E5E /* Base.xcconfig */; };
		32DC2FA22260154500B28E5E /* Production.xcconfig in Resources */ = {isa = PBXBuildFile; fileRef = 32DC2F9E2260154500B28E5E /* Production.xcconfig */; };
		32DC2FA32260154500B28E5E /* Development.xcconfig in Resources */ = {isa = PBXBuildFile; fileRef = 32DC2F9F2260154500B28E5E /* Development.xcconfig */; };
		32E49B7C230D34F600DAA757 /* Development.debug.xcconfig in Resources */ = {isa = PBXBuildFile; fileRef = 32E49B7B230D34F600DAA757 /* Development.debug.xcconfig */; };
		B249EFA2AD5D067378CB0355 /* Pods_{{ cookiecutter.app_name }}.framework in Frameworks */ = {isa = PBXBuildFile; fileRef = 718DBB251D0E9AFCE9B45692 /* Pods_{{ cookiecutter.app_name }}.framework */; };
		E9D7479AE64B22236CF5BF42 /* Pods_{{ cookiecutter.app_name }}Tests.framework in Frameworks */ = {isa = PBXBuildFile; fileRef = 637FBE19CF6289A0139CAF60 /* Pods_{{ cookiecutter.app_name }}Tests.framework */; };
/* End PBXBuildFile section */

/* Begin PBXContainerItemProxy section */
		3276F76E225B76E500A59503 /* PBXContainerItemProxy */ = {
			isa = PBXContainerItemProxy;
			containerPortal = 3276F74E225B76E400A59503 /* Project object */;
			proxyType = 1;
			remoteGlobalIDString = 3276F755225B76E400A59503;
			remoteInfo = "{{ cookiecutter.app_name }}";
		};
		3276F779225B76E500A59503 /* PBXContainerItemProxy */ = {
			isa = PBXContainerItemProxy;
			containerPortal = 3276F74E225B76E400A59503 /* Project object */;
			proxyType = 1;
			remoteGlobalIDString = 3276F755225B76E400A59503;
			remoteInfo = "{{ cookiecutter.app_name }}";
		};
/* End PBXContainerItemProxy section */

/* Begin PBXFileReference section */
		21FFB81F9B4018E3FC968E9A /* Pods-{{ cookiecutter.app_name }}Tests.debug (production).xcconfig */ = {isa = PBXFileReference; includeInIndex = 1; lastKnownFileType = text.xcconfig; name = "Pods-{{ cookiecutter.app_name }}Tests.debug (production).xcconfig"; path = "Target Support Files/Pods-{{ cookiecutter.app_name }}Tests/Pods-{{ cookiecutter.app_name }}Tests.debug (production).xcconfig"; sourceTree = "<group>"; };
		29CB24C2E02686F1AB2B72CF /* Pods-{{ cookiecutter.app_name }}UITests.release (production).xcconfig */ = {isa = PBXFileReference; includeInIndex = 1; lastKnownFileType = text.xcconfig; name = "Pods-{{ cookiecutter.app_name }}UITests.release (production).xcconfig"; path = "Target Support Files/Pods-{{ cookiecutter.app_name }}UITests/Pods-{{ cookiecutter.app_name }}UITests.release (production).xcconfig"; sourceTree = "<group>"; };
		3261BA642312FE570028E98E /* Colors.xcassets */ = {isa = PBXFileReference; lastKnownFileType = folder.assetcatalog; path = Colors.xcassets; sourceTree = "<group>"; };
		32736E02230E9FEB00DDE479 /* en */ = {isa = PBXFileReference; lastKnownFileType = text.plist.strings; name = en; path = en.lproj/Localizable.strings; sourceTree = "<group>"; };
		32736E07230EAA0900DDE479 /* R.generated.swift */ = {isa = PBXFileReference; fileEncoding = 4; lastKnownFileType = sourcecode.swift; path = R.generated.swift; sourceTree = "<group>"; };
		3276F756225B76E400A59503 /* {{ cookiecutter.app_name }}.app */ = {isa = PBXFileReference; explicitFileType = wrapper.application; includeInIndex = 0; path = "{{ cookiecutter.app_name }}.app"; sourceTree = BUILT_PRODUCTS_DIR; };
		3276F759225B76E400A59503 /* AppDelegate.swift */ = {isa = PBXFileReference; lastKnownFileType = sourcecode.swift; path = AppDelegate.swift; sourceTree = "<group>"; };
		3276F75B225B76E400A59503 /* ViewController.swift */ = {isa = PBXFileReference; lastKnownFileType = sourcecode.swift; path = ViewController.swift; sourceTree = "<group>"; };
		3276F75E225B76E400A59503 /* Base */ = {isa = PBXFileReference; lastKnownFileType = file.storyboard; name = Base; path = Base.lproj/Main.storyboard; sourceTree = "<group>"; };
		3276F761225B76E400A59503 /* {{ cookiecutter.app_name }}.xcdatamodel */ = {isa = PBXFileReference; lastKnownFileType = wrapper.xcdatamodel; path = "{{ cookiecutter.app_name }}.xcdatamodel"; sourceTree = "<group>"; };
		3276F763225B76E500A59503 /* Images.xcassets */ = {isa = PBXFileReference; lastKnownFileType = folder.assetcatalog; path = Images.xcassets; sourceTree = "<group>"; };
		3276F766225B76E500A59503 /* Base */ = {isa = PBXFileReference; lastKnownFileType = file.storyboard; name = Base; path = Base.lproj/LaunchScreen.storyboard; sourceTree = "<group>"; };
		3276F768225B76E500A59503 /* Info.plist */ = {isa = PBXFileReference; lastKnownFileType = text.plist.xml; path = Info.plist; sourceTree = "<group>"; };
		3276F76D225B76E500A59503 /* {{ cookiecutter.app_name }}Tests.xctest */ = {isa = PBXFileReference; explicitFileType = wrapper.cfbundle; includeInIndex = 0; path = "{{ cookiecutter.app_name }}Tests.xctest"; sourceTree = BUILT_PRODUCTS_DIR; };
		3276F771225B76E500A59503 /* {{ cookiecutter.app_name }}Tests.swift */ = {isa = PBXFileReference; lastKnownFileType = sourcecode.swift; path = "{{ cookiecutter.app_name }}Tests.swift"; sourceTree = "<group>"; };
		3276F773225B76E500A59503 /* Info.plist */ = {isa = PBXFileReference; lastKnownFileType = text.plist.xml; path = Info.plist; sourceTree = "<group>"; };
		3276F778225B76E500A59503 /* {{ cookiecutter.app_name }}UITests.xctest */ = {isa = PBXFileReference; explicitFileType = wrapper.cfbundle; includeInIndex = 0; path = "{{ cookiecutter.app_name }}UITests.xctest"; sourceTree = BUILT_PRODUCTS_DIR; };
		3276F77C225B76E500A59503 /* {{ cookiecutter.app_name }}UITests.swift */ = {isa = PBXFileReference; lastKnownFileType = sourcecode.swift; path = "{{ cookiecutter.app_name }}UITests.swift"; sourceTree = "<group>"; };
		3276F77E225B76E500A59503 /* Info.plist */ = {isa = PBXFileReference; lastKnownFileType = text.plist.xml; path = Info.plist; sourceTree = "<group>"; };
		3276F7A0225BA96500A59503 /* Constants.swift */ = {isa = PBXFileReference; lastKnownFileType = sourcecode.swift; path = Constants.swift; sourceTree = "<group>"; };
		329F0B7F230C9F6D00EF3A5D /* Production.debug.xcconfig */ = {isa = PBXFileReference; lastKnownFileType = text.xcconfig; path = Production.debug.xcconfig; sourceTree = "<group>"; };
		329F0B81230C9F9E00EF3A5D /* Production.release.xcconfig */ = {isa = PBXFileReference; lastKnownFileType = text.xcconfig; path = Production.release.xcconfig; sourceTree = "<group>"; };
		329F0B83230CA07400EF3A5D /* Staging.debug.xcconfig */ = {isa = PBXFileReference; lastKnownFileType = text.xcconfig; path = Staging.debug.xcconfig; sourceTree = "<group>"; };
		329F0B85230CA0A200EF3A5D /* Staging.release.xcconfig */ = {isa = PBXFileReference; lastKnownFileType = text.xcconfig; path = Staging.release.xcconfig; sourceTree = "<group>"; };
		329F0B89230CA0F100EF3A5D /* Development.release.xcconfig */ = {isa = PBXFileReference; lastKnownFileType = text.xcconfig; path = Development.release.xcconfig; sourceTree = "<group>"; };
		32DC2F9C2260154400B28E5E /* Staging.xcconfig */ = {isa = PBXFileReference; fileEncoding = 4; lastKnownFileType = text.xcconfig; path = Staging.xcconfig; sourceTree = "<group>"; };
		32DC2F9D2260154500B28E5E /* Base.xcconfig */ = {isa = PBXFileReference; fileEncoding = 4; lastKnownFileType = text.xcconfig; path = Base.xcconfig; sourceTree = "<group>"; };
		32DC2F9E2260154500B28E5E /* Production.xcconfig */ = {isa = PBXFileReference; fileEncoding = 4; lastKnownFileType = text.xcconfig; path = Production.xcconfig; sourceTree = "<group>"; };
		32DC2F9F2260154500B28E5E /* Development.xcconfig */ = {isa = PBXFileReference; fileEncoding = 4; lastKnownFileType = text.xcconfig; path = Development.xcconfig; sourceTree = "<group>"; };
		32E49B7B230D34F600DAA757 /* Development.debug.xcconfig */ = {isa = PBXFileReference; lastKnownFileType = text.xcconfig; path = Development.debug.xcconfig; sourceTree = "<group>"; };
		3579591DE17A727D51A26298 /* Pods-{{ cookiecutter.app_name }}Tests.debug (development).xcconfig */ = {isa = PBXFileReference; includeInIndex = 1; lastKnownFileType = text.xcconfig; name = "Pods-{{ cookiecutter.app_name }}Tests.debug (development).xcconfig"; path = "Target Support Files/Pods-{{ cookiecutter.app_name }}Tests/Pods-{{ cookiecutter.app_name }}Tests.debug (development).xcconfig"; sourceTree = "<group>"; };
		3DBD493266E625669E157C73 /* Pods-{{ cookiecutter.app_name }}Tests.release (staging).xcconfig */ = {isa = PBXFileReference; includeInIndex = 1; lastKnownFileType = text.xcconfig; name = "Pods-{{ cookiecutter.app_name }}Tests.release (staging).xcconfig"; path = "Target Support Files/Pods-{{ cookiecutter.app_name }}Tests/Pods-{{ cookiecutter.app_name }}Tests.release (staging).xcconfig"; sourceTree = "<group>"; };
		3F644540AE1B2074745EE300 /* Pods-{{ cookiecutter.app_name }}Tests.release (production).xcconfig */ = {isa = PBXFileReference; includeInIndex = 1; lastKnownFileType = text.xcconfig; name = "Pods-{{ cookiecutter.app_name }}Tests.release (production).xcconfig"; path = "Target Support Files/Pods-{{ cookiecutter.app_name }}Tests/Pods-{{ cookiecutter.app_name }}Tests.release (production).xcconfig"; sourceTree = "<group>"; };
		4CAEFEE9128F9721BD703F00 /* Pods-{{ cookiecutter.app_name }}.release (production).xcconfig */ = {isa = PBXFileReference; includeInIndex = 1; lastKnownFileType = text.xcconfig; name = "Pods-{{ cookiecutter.app_name }}.release (production).xcconfig"; path = "Target Support Files/Pods-{{ cookiecutter.app_name }}/Pods-{{ cookiecutter.app_name }}.release (production).xcconfig"; sourceTree = "<group>"; };
		5FA9731AA28E3FDB0B5DFBA8 /* Pods-{{ cookiecutter.app_name }}UITests.release (staging).xcconfig */ = {isa = PBXFileReference; includeInIndex = 1; lastKnownFileType = text.xcconfig; name = "Pods-{{ cookiecutter.app_name }}UITests.release (staging).xcconfig"; path = "Target Support Files/Pods-{{ cookiecutter.app_name }}UITests/Pods-{{ cookiecutter.app_name }}UITests.release (staging).xcconfig"; sourceTree = "<group>"; };
		637FBE19CF6289A0139CAF60 /* Pods_{{ cookiecutter.app_name }}Tests.framework */ = {isa = PBXFileReference; explicitFileType = wrapper.framework; includeInIndex = 0; path = "Pods_{{ cookiecutter.app_name }}Tests.framework"; sourceTree = BUILT_PRODUCTS_DIR; };
		718DBB251D0E9AFCE9B45692 /* Pods_{{ cookiecutter.app_name }}.framework */ = {isa = PBXFileReference; explicitFileType = wrapper.framework; includeInIndex = 0; path = "Pods_{{ cookiecutter.app_name }}.framework"; sourceTree = BUILT_PRODUCTS_DIR; };
		774E0F5EFF74BF38BA9F7954 /* Pods_{{ cookiecutter.app_name }}UITests.framework */ = {isa = PBXFileReference; explicitFileType = wrapper.framework; includeInIndex = 0; path = "Pods_{{ cookiecutter.app_name }}UITests.framework"; sourceTree = BUILT_PRODUCTS_DIR; };
		7E614867D158F7101A1565FA /* Pods-{{ cookiecutter.app_name }}.release (development).xcconfig */ = {isa = PBXFileReference; includeInIndex = 1; lastKnownFileType = text.xcconfig; name = "Pods-{{ cookiecutter.app_name }}.release (development).xcconfig"; path = "Target Support Files/Pods-{{ cookiecutter.app_name }}/Pods-{{ cookiecutter.app_name }}.release (development).xcconfig"; sourceTree = "<group>"; };
		8858CFED84031942F8D2AFD2 /* Pods-{{ cookiecutter.app_name }}.debug (production).xcconfig */ = {isa = PBXFileReference; includeInIndex = 1; lastKnownFileType = text.xcconfig; name = "Pods-{{ cookiecutter.app_name }}.debug (production).xcconfig"; path = "Target Support Files/Pods-{{ cookiecutter.app_name }}/Pods-{{ cookiecutter.app_name }}.debug (production).xcconfig"; sourceTree = "<group>"; };
		93826528BCFDC705ADEC2638 /* Pods-{{ cookiecutter.app_name }}UITests.debug (production).xcconfig */ = {isa = PBXFileReference; includeInIndex = 1; lastKnownFileType = text.xcconfig; name = "Pods-{{ cookiecutter.app_name }}UITests.debug (production).xcconfig"; path = "Target Support Files/Pods-{{ cookiecutter.app_name }}UITests/Pods-{{ cookiecutter.app_name }}UITests.debug (production).xcconfig"; sourceTree = "<group>"; };
		9739A14FFBD983E4AB19EBB4 /* Pods-{{ cookiecutter.app_name }}UITests.debug (staging).xcconfig */ = {isa = PBXFileReference; includeInIndex = 1; lastKnownFileType = text.xcconfig; name = "Pods-{{ cookiecutter.app_name }}UITests.debug (staging).xcconfig"; path = "Target Support Files/Pods-{{ cookiecutter.app_name }}UITests/Pods-{{ cookiecutter.app_name }}UITests.debug (staging).xcconfig"; sourceTree = "<group>"; };
		9DD3D5FC2ACA4E328836C66A /* Pods-{{ cookiecutter.app_name }}Tests.debug (staging).xcconfig */ = {isa = PBXFileReference; includeInIndex = 1; lastKnownFileType = text.xcconfig; name = "Pods-{{ cookiecutter.app_name }}Tests.debug (staging).xcconfig"; path = "Target Support Files/Pods-{{ cookiecutter.app_name }}Tests/Pods-{{ cookiecutter.app_name }}Tests.debug (staging).xcconfig"; sourceTree = "<group>"; };
		A2E7A5E471CDF6847CDA8360 /* Pods-{{ cookiecutter.app_name }}.debug (development).xcconfig */ = {isa = PBXFileReference; includeInIndex = 1; lastKnownFileType = text.xcconfig; name = "Pods-{{ cookiecutter.app_name }}.debug (development).xcconfig"; path = "Target Support Files/Pods-{{ cookiecutter.app_name }}/Pods-{{ cookiecutter.app_name }}.debug (development).xcconfig"; sourceTree = "<group>"; };
		A9018D434C23FB085C075162 /* Pods-{{ cookiecutter.app_name }}UITests.release (development).xcconfig */ = {isa = PBXFileReference; includeInIndex = 1; lastKnownFileType = text.xcconfig; name = "Pods-{{ cookiecutter.app_name }}UITests.release (development).xcconfig"; path = "Target Support Files/Pods-{{ cookiecutter.app_name }}UITests/Pods-{{ cookiecutter.app_name }}UITests.release (development).xcconfig"; sourceTree = "<group>"; };
		BAB7314992E70D48F3F5B0C9 /* Pods-{{ cookiecutter.app_name }}.debug (staging).xcconfig */ = {isa = PBXFileReference; includeInIndex = 1; lastKnownFileType = text.xcconfig; name = "Pods-{{ cookiecutter.app_name }}.debug (staging).xcconfig"; path = "Target Support Files/Pods-{{ cookiecutter.app_name }}/Pods-{{ cookiecutter.app_name }}.debug (staging).xcconfig"; sourceTree = "<group>"; };
		CDF26AAE92ED4BA508AE0934 /* Pods-{{ cookiecutter.app_name }}UITests.debug (development).xcconfig */ = {isa = PBXFileReference; includeInIndex = 1; lastKnownFileType = text.xcconfig; name = "Pods-{{ cookiecutter.app_name }}UITests.debug (development).xcconfig"; path = "Target Support Files/Pods-{{ cookiecutter.app_name }}UITests/Pods-{{ cookiecutter.app_name }}UITests.debug (development).xcconfig"; sourceTree = "<group>"; };
		DCB453A998609AAEE88E91BB /* Pods-{{ cookiecutter.app_name }}Tests.release (development).xcconfig */ = {isa = PBXFileReference; includeInIndex = 1; lastKnownFileType = text.xcconfig; name = "Pods-{{ cookiecutter.app_name }}Tests.release (development).xcconfig"; path = "Target Support Files/Pods-{{ cookiecutter.app_name }}Tests/Pods-{{ cookiecutter.app_name }}Tests.release (development).xcconfig"; sourceTree = "<group>"; };
		F4EDB6181EEC806471EC0795 /* Pods-{{ cookiecutter.app_name }}.release (staging).xcconfig */ = {isa = PBXFileReference; includeInIndex = 1; lastKnownFileType = text.xcconfig; name = "Pods-{{ cookiecutter.app_name }}.release (staging).xcconfig"; path = "Target Support Files/Pods-{{ cookiecutter.app_name }}/Pods-{{ cookiecutter.app_name }}.release (staging).xcconfig"; sourceTree = "<group>"; };
/* End PBXFileReference section */

/* Begin PBXFrameworksBuildPhase section */
		3276F753225B76E400A59503 /* Frameworks */ = {
			isa = PBXFrameworksBuildPhase;
			buildActionMask = 2147483647;
			files = (
				B249EFA2AD5D067378CB0355 /* Pods_{{ cookiecutter.app_name }}.framework in Frameworks */,
			);
			runOnlyForDeploymentPostprocessing = 0;
		};
		3276F76A225B76E500A59503 /* Frameworks */ = {
			isa = PBXFrameworksBuildPhase;
			buildActionMask = 2147483647;
			files = (
				E9D7479AE64B22236CF5BF42 /* Pods_{{ cookiecutter.app_name }}Tests.framework in Frameworks */,
			);
			runOnlyForDeploymentPostprocessing = 0;
		};
		3276F775225B76E500A59503 /* Frameworks */ = {
			isa = PBXFrameworksBuildPhase;
			buildActionMask = 2147483647;
			files = (
				265D32BBDEC29019176B05F3 /* Pods_{{ cookiecutter.app_name }}UITests.framework in Frameworks */,
			);
			runOnlyForDeploymentPostprocessing = 0;
		};
/* End PBXFrameworksBuildPhase section */

/* Begin PBXGroup section */
		1A8BA12E433EC80994B96453 /* Frameworks */ = {
			isa = PBXGroup;
			children = (
				718DBB251D0E9AFCE9B45692 /* Pods_{{ cookiecutter.app_name }}.framework */,
				637FBE19CF6289A0139CAF60 /* Pods_{{ cookiecutter.app_name }}Tests.framework */,
				774E0F5EFF74BF38BA9F7954 /* Pods_{{ cookiecutter.app_name }}UITests.framework */,
			);
			name = Frameworks;
			sourceTree = "<group>";
		};
		3261BA632312FE400028E98E /* Colors */ = {
			isa = PBXGroup;
			children = (
				3261BA642312FE570028E98E /* Colors.xcassets */,
			);
			path = Colors;
			sourceTree = "<group>";
		};
		32716F68225CA10E00A0836A /* Extensions */ = {
			isa = PBXGroup;
			children = (
			);
			path = Extensions;
			sourceTree = "<group>";
		};
		32716F69225CA73000A0836A /* Data */ = {
			isa = PBXGroup;
			children = (
			);
			path = Data;
			sourceTree = "<group>";
		};
		32716F6A225CA73F00A0836A /* Network */ = {
			isa = PBXGroup;
			children = (
			);
			path = Network;
			sourceTree = "<group>";
		};
		3276F74D225B76E400A59503 = {
			isa = PBXGroup;
			children = (
				3276F758225B76E400A59503 /* {{ cookiecutter.app_name }} */,
				3276F770225B76E500A59503 /* {{ cookiecutter.app_name }}Tests */,
				3276F77B225B76E500A59503 /* {{ cookiecutter.app_name }}UITests */,
				3276F757225B76E400A59503 /* Products */,
				F98DF05C84129C30345F4824 /* Pods */,
				1A8BA12E433EC80994B96453 /* Frameworks */,
			);
			sourceTree = "<group>";
		};
		3276F757225B76E400A59503 /* Products */ = {
			isa = PBXGroup;
			children = (
				3276F756225B76E400A59503 /* {{ cookiecutter.app_name }}.app */,
				3276F76D225B76E500A59503 /* {{ cookiecutter.app_name }}Tests.xctest */,
				3276F778225B76E500A59503 /* {{ cookiecutter.app_name }}UITests.xctest */,
			);
			name = Products;
			sourceTree = "<group>";
		};
		3276F758225B76E400A59503 /* {{ cookiecutter.app_name }} */ = {
			isa = PBXGroup;
			children = (
				3276F78B225B9AA000A59503 /* Classes */,
				3276F7A3225BA9DC00A59503 /* Storyboards */,
				3276F78A225B9A9700A59503 /* Resources */,
				3276F7A4225BADD500A59503 /* SupportingFiles */,
				3276F760225B76E400A59503 /* {{ cookiecutter.app_name }}.xcdatamodeld */,
			);
			path = "{{ cookiecutter.app_name }}";
			sourceTree = "<group>";
		};
		3276F770225B76E500A59503 /* {{ cookiecutter.app_name }}Tests */ = {
			isa = PBXGroup;
			children = (
				3276F771225B76E500A59503 /* {{ cookiecutter.app_name }}Tests.swift */,
				3276F773225B76E500A59503 /* Info.plist */,
			);
			path = "{{ cookiecutter.app_name }}Tests";
			sourceTree = "<group>";
		};
		3276F77B225B76E500A59503 /* {{ cookiecutter.app_name }}UITests */ = {
			isa = PBXGroup;
			children = (
				3276F77C225B76E500A59503 /* {{ cookiecutter.app_name }}UITests.swift */,
				3276F77E225B76E500A59503 /* Info.plist */,
			);
			path = "{{ cookiecutter.app_name }}UITests";
			sourceTree = "<group>";
		};
		3276F78A225B9A9700A59503 /* Resources */ = {
			isa = PBXGroup;
			children = (
				32736E07230EAA0900DDE479 /* R.generated.swift */,
				32928DBE230DAA2700EB4E3C /* Images */,
				3261BA632312FE400028E98E /* Colors */,
				3276F7A6225BAF0200A59503 /* Localization */,
				3276F7A5225BAE7E00A59503 /* Fonts */,
			);
			path = Resources;
			sourceTree = "<group>";
		};
		3276F78B225B9AA000A59503 /* Classes */ = {
			isa = PBXGroup;
			children = (
				3276F792225BA21200A59503 /* Controllers */,
				3276F78F225B9C0300A59503 /* Services */,
				3276F78E225B9BF700A59503 /* Views */,
				3276F78D225B9B8500A59503 /* Models */,
				3276F78C225B9B3000A59503 /* Common */,
				3276F759225B76E400A59503 /* AppDelegate.swift */,
			);
			path = Classes;
			sourceTree = "<group>";
		};
		3276F78C225B9B3000A59503 /* Common */ = {
			isa = PBXGroup;
			children = (
				32716F68225CA10E00A0836A /* Extensions */,
				3276F793225BA72A00A59503 /* Utilities */,
				3276F7A0225BA96500A59503 /* Constants.swift */,
			);
			path = Common;
			sourceTree = "<group>";
		};
		3276F78D225B9B8500A59503 /* Models */ = {
			isa = PBXGroup;
			children = (
			);
			path = Models;
			sourceTree = "<group>";
		};
		3276F78E225B9BF700A59503 /* Views */ = {
			isa = PBXGroup;
			children = (
			);
			path = Views;
			sourceTree = "<group>";
		};
		3276F78F225B9C0300A59503 /* Services */ = {
			isa = PBXGroup;
			children = (
				32716F69225CA73000A0836A /* Data */,
				32716F6A225CA73F00A0836A /* Network */,
			);
			path = Services;
			sourceTree = "<group>";
		};
		3276F792225BA21200A59503 /* Controllers */ = {
			isa = PBXGroup;
			children = (
				3276F75B225B76E400A59503 /* ViewController.swift */,
			);
			path = Controllers;
			sourceTree = "<group>";
		};
		3276F793225BA72A00A59503 /* Utilities */ = {
			isa = PBXGroup;
			children = (
			);
			path = Utilities;
			sourceTree = "<group>";
		};
		3276F7A3225BA9DC00A59503 /* Storyboards */ = {
			isa = PBXGroup;
			children = (
				3276F75D225B76E400A59503 /* Main.storyboard */,
				3276F765225B76E500A59503 /* LaunchScreen.storyboard */,
			);
			path = Storyboards;
			sourceTree = "<group>";
		};
		3276F7A4225BADD500A59503 /* SupportingFiles */ = {
			isa = PBXGroup;
			children = (
				32DC2F9B2260151400B28E5E /* Config */,
				3276F768225B76E500A59503 /* Info.plist */,
			);
			path = SupportingFiles;
			sourceTree = "<group>";
		};
		3276F7A5225BAE7E00A59503 /* Fonts */ = {
			isa = PBXGroup;
			children = (
			);
			path = Fonts;
			sourceTree = "<group>";
		};
		3276F7A6225BAF0200A59503 /* Localization */ = {
			isa = PBXGroup;
			children = (
				32736E03230E9FEB00DDE479 /* Localizable.strings */,
			);
			path = Localization;
			sourceTree = "<group>";
		};
		32928DBE230DAA2700EB4E3C /* Images */ = {
			isa = PBXGroup;
			children = (
				3276F763225B76E500A59503 /* Images.xcassets */,
			);
			path = Images;
			sourceTree = "<group>";
		};
		329F0B7C230C9F1700EF3A5D /* Development */ = {
			isa = PBXGroup;
			children = (
				32DC2F9F2260154500B28E5E /* Development.xcconfig */,
				329F0B89230CA0F100EF3A5D /* Development.release.xcconfig */,
				32E49B7B230D34F600DAA757 /* Development.debug.xcconfig */,
			);
			path = Development;
			sourceTree = "<group>";
		};
		329F0B7D230C9F2200EF3A5D /* Staging */ = {
			isa = PBXGroup;
			children = (
				32DC2F9C2260154400B28E5E /* Staging.xcconfig */,
				329F0B83230CA07400EF3A5D /* Staging.debug.xcconfig */,
				329F0B85230CA0A200EF3A5D /* Staging.release.xcconfig */,
			);
			path = Staging;
			sourceTree = "<group>";
		};
		329F0B7E230C9F2900EF3A5D /* Production */ = {
			isa = PBXGroup;
			children = (
				32DC2F9E2260154500B28E5E /* Production.xcconfig */,
				329F0B7F230C9F6D00EF3A5D /* Production.debug.xcconfig */,
				329F0B81230C9F9E00EF3A5D /* Production.release.xcconfig */,
			);
			path = Production;
			sourceTree = "<group>";
		};
		32DC2F9B2260151400B28E5E /* Config */ = {
			isa = PBXGroup;
			children = (
				32DC2F9D2260154500B28E5E /* Base.xcconfig */,
				329F0B7E230C9F2900EF3A5D /* Production */,
				329F0B7D230C9F2200EF3A5D /* Staging */,
				329F0B7C230C9F1700EF3A5D /* Development */,
			);
			path = Config;
			sourceTree = "<group>";
		};
		F98DF05C84129C30345F4824 /* Pods */ = {
			isa = PBXGroup;
			children = (
				8858CFED84031942F8D2AFD2 /* Pods-{{ cookiecutter.app_name }}.debug (production).xcconfig */,
				A2E7A5E471CDF6847CDA8360 /* Pods-{{ cookiecutter.app_name }}.debug (development).xcconfig */,
				BAB7314992E70D48F3F5B0C9 /* Pods-{{ cookiecutter.app_name }}.debug (staging).xcconfig */,
				4CAEFEE9128F9721BD703F00 /* Pods-{{ cookiecutter.app_name }}.release (production).xcconfig */,
				7E614867D158F7101A1565FA /* Pods-{{ cookiecutter.app_name }}.release (development).xcconfig */,
				F4EDB6181EEC806471EC0795 /* Pods-{{ cookiecutter.app_name }}.release (staging).xcconfig */,
				21FFB81F9B4018E3FC968E9A /* Pods-{{ cookiecutter.app_name }}Tests.debug (production).xcconfig */,
				3579591DE17A727D51A26298 /* Pods-{{ cookiecutter.app_name }}Tests.debug (development).xcconfig */,
				9DD3D5FC2ACA4E328836C66A /* Pods-{{ cookiecutter.app_name }}Tests.debug (staging).xcconfig */,
				3F644540AE1B2074745EE300 /* Pods-{{ cookiecutter.app_name }}Tests.release (production).xcconfig */,
				DCB453A998609AAEE88E91BB /* Pods-{{ cookiecutter.app_name }}Tests.release (development).xcconfig */,
				3DBD493266E625669E157C73 /* Pods-{{ cookiecutter.app_name }}Tests.release (staging).xcconfig */,
				93826528BCFDC705ADEC2638 /* Pods-{{ cookiecutter.app_name }}UITests.debug (production).xcconfig */,
				CDF26AAE92ED4BA508AE0934 /* Pods-{{ cookiecutter.app_name }}UITests.debug (development).xcconfig */,
				9739A14FFBD983E4AB19EBB4 /* Pods-{{ cookiecutter.app_name }}UITests.debug (staging).xcconfig */,
				29CB24C2E02686F1AB2B72CF /* Pods-{{ cookiecutter.app_name }}UITests.release (production).xcconfig */,
				A9018D434C23FB085C075162 /* Pods-{{ cookiecutter.app_name }}UITests.release (development).xcconfig */,
				5FA9731AA28E3FDB0B5DFBA8 /* Pods-{{ cookiecutter.app_name }}UITests.release (staging).xcconfig */,
			);
			path = Pods;
			sourceTree = "<group>";
		};
/* End PBXGroup section */

/* Begin PBXNativeTarget section */
		3276F755225B76E400A59503 /* {{ cookiecutter.app_name }} */ = {
			isa = PBXNativeTarget;
			buildConfigurationList = 3276F781225B76E500A59503 /* Build configuration list for PBXNativeTarget "{{ cookiecutter.app_name }}" */;
			buildPhases = (
				74E70276248F113DDF509A8A /* [CP] Check Pods Manifest.lock */,
				32928DBD230DA91400EB4E3C /* R.swift */,
				3276F752225B76E400A59503 /* Sources */,
				3276F753225B76E400A59503 /* Frameworks */,
				3276F754225B76E400A59503 /* Resources */,
				F8479784701A50569CD9A745 /* [CP] Embed Pods Frameworks */,
			);
			buildRules = (
			);
			dependencies = (
			);
			name = "{{ cookiecutter.app_name }}";
			productName = "{{ cookiecutter.app_name }}";
			productReference = 3276F756225B76E400A59503 /* {{ cookiecutter.app_name }}.app */;
			productType = "com.apple.product-type.application";
		};
		3276F76C225B76E500A59503 /* {{ cookiecutter.app_name }}Tests */ = {
			isa = PBXNativeTarget;
			buildConfigurationList = 3276F784225B76E500A59503 /* Build configuration list for PBXNativeTarget "{{ cookiecutter.app_name }}Tests" */;
			buildPhases = (
				2786B7A066271F76AE64E7D4 /* [CP] Check Pods Manifest.lock */,
				3276F769225B76E500A59503 /* Sources */,
				3276F76A225B76E500A59503 /* Frameworks */,
				3276F76B225B76E500A59503 /* Resources */,
			);
			buildRules = (
			);
			dependencies = (
				3276F76F225B76E500A59503 /* PBXTargetDependency */,
			);
			name = "{{ cookiecutter.app_name }}Tests";
			productName = "{{ cookiecutter.app_name }}Tests";
			productReference = 3276F76D225B76E500A59503 /* {{ cookiecutter.app_name }}Tests.xctest */;
			productType = "com.apple.product-type.bundle.unit-test";
		};
		3276F777225B76E500A59503 /* {{ cookiecutter.app_name }}UITests */ = {
			isa = PBXNativeTarget;
			buildConfigurationList = 3276F787225B76E500A59503 /* Build configuration list for PBXNativeTarget "{{ cookiecutter.app_name }}UITests" */;
			buildPhases = (
				2B910626C402FFEC343805BD /* [CP] Check Pods Manifest.lock */,
				3276F774225B76E500A59503 /* Sources */,
				3276F775225B76E500A59503 /* Frameworks */,
				3276F776225B76E500A59503 /* Resources */,
			);
			buildRules = (
			);
			dependencies = (
				3276F77A225B76E500A59503 /* PBXTargetDependency */,
			);
			name = "{{ cookiecutter.app_name }}UITests";
			productName = "{{ cookiecutter.app_name }}UITests";
			productReference = 3276F778225B76E500A59503 /* {{ cookiecutter.app_name }}UITests.xctest */;
			productType = "com.apple.product-type.bundle.ui-testing";
		};
/* End PBXNativeTarget section */

/* Begin PBXProject section */
		3276F74E225B76E400A59503 /* Project object */ = {
			isa = PBXProject;
			attributes = {
				LastSwiftUpdateCheck = 1010;
				LastUpgradeCheck = 1010;
				ORGANIZATIONNAME = "{{ cookiecutter.organization_name }}";
				TargetAttributes = {
					3276F755225B76E400A59503 = {
						CreatedOnToolsVersion = 10.1;
					};
					3276F76C225B76E500A59503 = {
						CreatedOnToolsVersion = 10.1;
						TestTargetID = 3276F755225B76E400A59503;
					};
					3276F777225B76E500A59503 = {
						CreatedOnToolsVersion = 10.1;
						TestTargetID = 3276F755225B76E400A59503;
					};
				};
			};
			buildConfigurationList = 3276F751225B76E400A59503 /* Build configuration list for PBXProject "{{ cookiecutter.app_name }}" */;
			compatibilityVersion = "Xcode 9.3";
			developmentRegion = en;
			hasScannedForEncodings = 0;
			knownRegions = (
				en,
				Base,
			);
			mainGroup = 3276F74D225B76E400A59503;
			productRefGroup = 3276F757225B76E400A59503 /* Products */;
			projectDirPath = "";
			projectRoot = "";
			targets = (
				3276F755225B76E400A59503 /* {{ cookiecutter.app_name }} */,
				3276F76C225B76E500A59503 /* {{ cookiecutter.app_name }}Tests */,
				3276F777225B76E500A59503 /* {{ cookiecutter.app_name }}UITests */,
			);
		};
/* End PBXProject section */

/* Begin PBXResourcesBuildPhase section */
		3276F754225B76E400A59503 /* Resources */ = {
			isa = PBXResourcesBuildPhase;
			buildActionMask = 2147483647;
			files = (
				3261BA652312FE570028E98E /* Colors.xcassets in Resources */,
				32DC2FA02260154500B28E5E /* Staging.xcconfig in Resources */,
				329F0B86230CA0A200EF3A5D /* Staging.release.xcconfig in Resources */,
				3276F767225B76E500A59503 /* LaunchScreen.storyboard in Resources */,
				32DC2FA32260154500B28E5E /* Development.xcconfig in Resources */,
				32E49B7C230D34F600DAA757 /* Development.debug.xcconfig in Resources */,
				329F0B84230CA07400EF3A5D /* Staging.debug.xcconfig in Resources */,
				329F0B8A230CA0F100EF3A5D /* Development.release.xcconfig in Resources */,
				3276F764225B76E500A59503 /* Images.xcassets in Resources */,
				329F0B80230C9F6D00EF3A5D /* Production.debug.xcconfig in Resources */,
				329F0B82230C9F9E00EF3A5D /* Production.release.xcconfig in Resources */,
				32736E01230E9FEB00DDE479 /* Localizable.strings in Resources */,
				3276F75F225B76E400A59503 /* Main.storyboard in Resources */,
				32DC2FA12260154500B28E5E /* Base.xcconfig in Resources */,
				32DC2FA22260154500B28E5E /* Production.xcconfig in Resources */,
			);
			runOnlyForDeploymentPostprocessing = 0;
		};
		3276F76B225B76E500A59503 /* Resources */ = {
			isa = PBXResourcesBuildPhase;
			buildActionMask = 2147483647;
			files = (
			);
			runOnlyForDeploymentPostprocessing = 0;
		};
		3276F776225B76E500A59503 /* Resources */ = {
			isa = PBXResourcesBuildPhase;
			buildActionMask = 2147483647;
			files = (
			);
			runOnlyForDeploymentPostprocessing = 0;
		};
/* End PBXResourcesBuildPhase section */

/* Begin PBXShellScriptBuildPhase section */
		2786B7A066271F76AE64E7D4 /* [CP] Check Pods Manifest.lock */ = {
			isa = PBXShellScriptBuildPhase;
			buildActionMask = 2147483647;
			files = (
			);
			inputFileListPaths = (
			);
			inputPaths = (
				"${PODS_PODFILE_DIR_PATH}/Podfile.lock",
				"${PODS_ROOT}/Manifest.lock",
			);
			name = "[CP] Check Pods Manifest.lock";
			outputFileListPaths = (
			);
			outputPaths = (
				"$(DERIVED_FILE_DIR)/Pods-{{ cookiecutter.app_name }}Tests-checkManifestLockResult.txt",
			);
			runOnlyForDeploymentPostprocessing = 0;
			shellPath = /bin/sh;
			shellScript = "diff \"${PODS_PODFILE_DIR_PATH}/Podfile.lock\" \"${PODS_ROOT}/Manifest.lock\" > /dev/null\nif [ $? != 0 ] ; then\n    # print error to STDERR\n    echo \"error: The sandbox is not in sync with the Podfile.lock. Run 'pod install' or update your CocoaPods installation.\" >&2\n    exit 1\nfi\n# This output is used by Xcode 'outputs' to avoid re-running this script phase.\necho \"SUCCESS\" > \"${SCRIPT_OUTPUT_FILE_0}\"\n";
			showEnvVarsInLog = 0;
		};
		2B910626C402FFEC343805BD /* [CP] Check Pods Manifest.lock */ = {
			isa = PBXShellScriptBuildPhase;
			buildActionMask = 2147483647;
			files = (
			);
			inputFileListPaths = (
			);
			inputPaths = (
				"${PODS_PODFILE_DIR_PATH}/Podfile.lock",
				"${PODS_ROOT}/Manifest.lock",
			);
			name = "[CP] Check Pods Manifest.lock";
			outputFileListPaths = (
			);
			outputPaths = (
				"$(DERIVED_FILE_DIR)/Pods-{{ cookiecutter.app_name }}UITests-checkManifestLockResult.txt",
			);
			runOnlyForDeploymentPostprocessing = 0;
			shellPath = /bin/sh;
			shellScript = "diff \"${PODS_PODFILE_DIR_PATH}/Podfile.lock\" \"${PODS_ROOT}/Manifest.lock\" > /dev/null\nif [ $? != 0 ] ; then\n    # print error to STDERR\n    echo \"error: The sandbox is not in sync with the Podfile.lock. Run 'pod install' or update your CocoaPods installation.\" >&2\n    exit 1\nfi\n# This output is used by Xcode 'outputs' to avoid re-running this script phase.\necho \"SUCCESS\" > \"${SCRIPT_OUTPUT_FILE_0}\"\n";
			showEnvVarsInLog = 0;
		};
		32928DBD230DA91400EB4E3C /* R.swift */ = {
			isa = PBXShellScriptBuildPhase;
			buildActionMask = 2147483647;
			files = (
			);
			inputFileListPaths = (
			);
			inputPaths = (
				"$(TEMP_DIR)/rswift-lastrun",
			);
			name = R.swift;
			outputFileListPaths = (
			);
			outputPaths = (
				"$SRCROOT/{{ cookiecutter.app_name }}/Resources/R.generated.swift",
			);
			runOnlyForDeploymentPostprocessing = 0;
			shellPath = /bin/sh;
			shellScript = "# Type a script or drag a script file from your workspace to insert its path.\n\"$PODS_ROOT/R.swift/rswift\" generate \"$SRCROOT/{{ cookiecutter.app_name }}/Resources/R.generated.swift\"\n";
		};
		74E70276248F113DDF509A8A /* [CP] Check Pods Manifest.lock */ = {
			isa = PBXShellScriptBuildPhase;
			buildActionMask = 2147483647;
			files = (
			);
			inputFileListPaths = (
			);
			inputPaths = (
				"${PODS_PODFILE_DIR_PATH}/Podfile.lock",
				"${PODS_ROOT}/Manifest.lock",
			);
			name = "[CP] Check Pods Manifest.lock";
			outputFileListPaths = (
			);
			outputPaths = (
				"$(DERIVED_FILE_DIR)/Pods-{{ cookiecutter.app_name }}-checkManifestLockResult.txt",
			);
			runOnlyForDeploymentPostprocessing = 0;
			shellPath = /bin/sh;
			shellScript = "diff \"${PODS_PODFILE_DIR_PATH}/Podfile.lock\" \"${PODS_ROOT}/Manifest.lock\" > /dev/null\nif [ $? != 0 ] ; then\n    # print error to STDERR\n    echo \"error: The sandbox is not in sync with the Podfile.lock. Run 'pod install' or update your CocoaPods installation.\" >&2\n    exit 1\nfi\n# This output is used by Xcode 'outputs' to avoid re-running this script phase.\necho \"SUCCESS\" > \"${SCRIPT_OUTPUT_FILE_0}\"\n";
			showEnvVarsInLog = 0;
		};
		F8479784701A50569CD9A745 /* [CP] Embed Pods Frameworks */ = {
			isa = PBXShellScriptBuildPhase;
			buildActionMask = 2147483647;
			files = (
			);
			inputFileListPaths = (
				"${PODS_ROOT}/Target Support Files/Pods-{{ cookiecutter.app_name }}/Pods-{{ cookiecutter.app_name }}-frameworks-${CONFIGURATION}-input-files.xcfilelist",
			);
			name = "[CP] Embed Pods Frameworks";
			outputFileListPaths = (
				"${PODS_ROOT}/Target Support Files/Pods-{{ cookiecutter.app_name }}/Pods-{{ cookiecutter.app_name }}-frameworks-${CONFIGURATION}-output-files.xcfilelist",
			);
			runOnlyForDeploymentPostprocessing = 0;
			shellPath = /bin/sh;
			shellScript = "\"${PODS_ROOT}/Target Support Files/Pods-{{ cookiecutter.app_name }}/Pods-{{ cookiecutter.app_name }}-frameworks.sh\"\n";
			showEnvVarsInLog = 0;
		};
/* End PBXShellScriptBuildPhase section */

/* Begin PBXSourcesBuildPhase section */
		3276F752225B76E400A59503 /* Sources */ = {
			isa = PBXSourcesBuildPhase;
			buildActionMask = 2147483647;
			files = (
				3276F75C225B76E400A59503 /* ViewController.swift in Sources */,
				3276F762225B76E400A59503 /* {{ cookiecutter.app_name }}.xcdatamodeld in Sources */,
				32736E08230EAA0900DDE479 /* R.generated.swift in Sources */,
				3276F75A225B76E400A59503 /* AppDelegate.swift in Sources */,
				3276F7A1225BA96500A59503 /* Constants.swift in Sources */,
			);
			runOnlyForDeploymentPostprocessing = 0;
		};
		3276F769225B76E500A59503 /* Sources */ = {
			isa = PBXSourcesBuildPhase;
			buildActionMask = 2147483647;
			files = (
				3276F772225B76E500A59503 /* {{ cookiecutter.app_name }}Tests.swift in Sources */,
			);
			runOnlyForDeploymentPostprocessing = 0;
		};
		3276F774225B76E500A59503 /* Sources */ = {
			isa = PBXSourcesBuildPhase;
			buildActionMask = 2147483647;
			files = (
				3276F77D225B76E500A59503 /* {{ cookiecutter.app_name }}UITests.swift in Sources */,
			);
			runOnlyForDeploymentPostprocessing = 0;
		};
/* End PBXSourcesBuildPhase section */

/* Begin PBXTargetDependency section */
		3276F76F225B76E500A59503 /* PBXTargetDependency */ = {
			isa = PBXTargetDependency;
			target = 3276F755225B76E400A59503 /* {{ cookiecutter.app_name }} */;
			targetProxy = 3276F76E225B76E500A59503 /* PBXContainerItemProxy */;
		};
		3276F77A225B76E500A59503 /* PBXTargetDependency */ = {
			isa = PBXTargetDependency;
			target = 3276F755225B76E400A59503 /* {{ cookiecutter.app_name }} */;
			targetProxy = 3276F779225B76E500A59503 /* PBXContainerItemProxy */;
		};
/* End PBXTargetDependency section */

/* Begin PBXVariantGroup section */
		32736E03230E9FEB00DDE479 /* Localizable.strings */ = {
			isa = PBXVariantGroup;
			children = (
				32736E02230E9FEB00DDE479 /* en */,
			);
			name = Localizable.strings;
			sourceTree = "<group>";
		};
		3276F75D225B76E400A59503 /* Main.storyboard */ = {
			isa = PBXVariantGroup;
			children = (
				3276F75E225B76E400A59503 /* Base */,
			);
			name = Main.storyboard;
			sourceTree = "<group>";
		};
		3276F765225B76E500A59503 /* LaunchScreen.storyboard */ = {
			isa = PBXVariantGroup;
			children = (
				3276F766225B76E500A59503 /* Base */,
			);
			name = LaunchScreen.storyboard;
			sourceTree = "<group>";
		};
/* End PBXVariantGroup section */

/* Begin XCBuildConfiguration section */
		3276F77F225B76E500A59503 /* Debug (Production) */ = {
			isa = XCBuildConfiguration;
			baseConfigurationReference = 329F0B7F230C9F6D00EF3A5D /* Production.debug.xcconfig */;
			buildSettings = {
				ALWAYS_SEARCH_USER_PATHS = NO;
				CLANG_ANALYZER_LOCALIZABILITY_NONLOCALIZED = YES;
				CLANG_ANALYZER_NONNULL = YES;
				CLANG_ANALYZER_NUMBER_OBJECT_CONVERSION = YES_AGGRESSIVE;
				CLANG_CXX_LANGUAGE_STANDARD = "gnu++14";
				CLANG_CXX_LIBRARY = "libc++";
				CLANG_ENABLE_MODULES = YES;
				CLANG_ENABLE_OBJC_ARC = YES;
				CLANG_ENABLE_OBJC_WEAK = YES;
				CLANG_WARN_BLOCK_CAPTURE_AUTORELEASING = YES;
				CLANG_WARN_BOOL_CONVERSION = YES;
				CLANG_WARN_COMMA = YES;
				CLANG_WARN_CONSTANT_CONVERSION = YES;
				CLANG_WARN_DEPRECATED_OBJC_IMPLEMENTATIONS = YES;
				CLANG_WARN_DIRECT_OBJC_ISA_USAGE = YES_ERROR;
				CLANG_WARN_DOCUMENTATION_COMMENTS = YES;
				CLANG_WARN_EMPTY_BODY = YES;
				CLANG_WARN_ENUM_CONVERSION = YES;
				CLANG_WARN_INFINITE_RECURSION = YES;
				CLANG_WARN_INT_CONVERSION = YES;
				CLANG_WARN_NON_LITERAL_NULL_CONVERSION = YES;
				CLANG_WARN_OBJC_IMPLICIT_RETAIN_SELF = YES;
				CLANG_WARN_OBJC_LITERAL_CONVERSION = YES;
				CLANG_WARN_OBJC_ROOT_CLASS = YES_ERROR;
				CLANG_WARN_RANGE_LOOP_ANALYSIS = YES;
				CLANG_WARN_STRICT_PROTOTYPES = YES;
				CLANG_WARN_SUSPICIOUS_MOVE = YES;
				CLANG_WARN_UNGUARDED_AVAILABILITY = YES_AGGRESSIVE;
				CLANG_WARN_UNREACHABLE_CODE = YES;
				CLANG_WARN__DUPLICATE_METHOD_MATCH = YES;
				CODE_SIGN_IDENTITY = "iPhone Developer";
				COPY_PHASE_STRIP = NO;
				DEBUG_INFORMATION_FORMAT = dwarf;
				ENABLE_STRICT_OBJC_MSGSEND = YES;
				ENABLE_TESTABILITY = YES;
				GCC_C_LANGUAGE_STANDARD = gnu11;
				GCC_DYNAMIC_NO_PIC = NO;
				GCC_NO_COMMON_BLOCKS = YES;
				GCC_OPTIMIZATION_LEVEL = 0;
				GCC_PREPROCESSOR_DEFINITIONS = (
					"DEBUG=1",
					"$(inherited)",
				);
				GCC_WARN_64_TO_32_BIT_CONVERSION = YES;
				GCC_WARN_ABOUT_RETURN_TYPE = YES_ERROR;
				GCC_WARN_UNDECLARED_SELECTOR = YES;
				GCC_WARN_UNINITIALIZED_AUTOS = YES_AGGRESSIVE;
				GCC_WARN_UNUSED_FUNCTION = YES;
				GCC_WARN_UNUSED_VARIABLE = YES;
				IPHONEOS_DEPLOYMENT_TARGET = 11.0;
				MTL_ENABLE_DEBUG_INFO = INCLUDE_SOURCE;
				MTL_FAST_MATH = YES;
				ONLY_ACTIVE_ARCH = YES;
				SDKROOT = iphoneos;
				SWIFT_ACTIVE_COMPILATION_CONDITIONS = DEBUG;
				SWIFT_OPTIMIZATION_LEVEL = "-Onone";
			};
			name = "Debug (Production)";
		};
		3276F780225B76E500A59503 /* Release (Production) */ = {
			isa = XCBuildConfiguration;
			baseConfigurationReference = 329F0B81230C9F9E00EF3A5D /* Production.release.xcconfig */;
			buildSettings = {
				ALWAYS_SEARCH_USER_PATHS = NO;
				CLANG_ANALYZER_LOCALIZABILITY_NONLOCALIZED = YES;
				CLANG_ANALYZER_NONNULL = YES;
				CLANG_ANALYZER_NUMBER_OBJECT_CONVERSION = YES_AGGRESSIVE;
				CLANG_CXX_LANGUAGE_STANDARD = "gnu++14";
				CLANG_CXX_LIBRARY = "libc++";
				CLANG_ENABLE_MODULES = YES;
				CLANG_ENABLE_OBJC_ARC = YES;
				CLANG_ENABLE_OBJC_WEAK = YES;
				CLANG_WARN_BLOCK_CAPTURE_AUTORELEASING = YES;
				CLANG_WARN_BOOL_CONVERSION = YES;
				CLANG_WARN_COMMA = YES;
				CLANG_WARN_CONSTANT_CONVERSION = YES;
				CLANG_WARN_DEPRECATED_OBJC_IMPLEMENTATIONS = YES;
				CLANG_WARN_DIRECT_OBJC_ISA_USAGE = YES_ERROR;
				CLANG_WARN_DOCUMENTATION_COMMENTS = YES;
				CLANG_WARN_EMPTY_BODY = YES;
				CLANG_WARN_ENUM_CONVERSION = YES;
				CLANG_WARN_INFINITE_RECURSION = YES;
				CLANG_WARN_INT_CONVERSION = YES;
				CLANG_WARN_NON_LITERAL_NULL_CONVERSION = YES;
				CLANG_WARN_OBJC_IMPLICIT_RETAIN_SELF = YES;
				CLANG_WARN_OBJC_LITERAL_CONVERSION = YES;
				CLANG_WARN_OBJC_ROOT_CLASS = YES_ERROR;
				CLANG_WARN_RANGE_LOOP_ANALYSIS = YES;
				CLANG_WARN_STRICT_PROTOTYPES = YES;
				CLANG_WARN_SUSPICIOUS_MOVE = YES;
				CLANG_WARN_UNGUARDED_AVAILABILITY = YES_AGGRESSIVE;
				CLANG_WARN_UNREACHABLE_CODE = YES;
				CLANG_WARN__DUPLICATE_METHOD_MATCH = YES;
				CODE_SIGN_IDENTITY = "iPhone Developer";
				COPY_PHASE_STRIP = NO;
				DEBUG_INFORMATION_FORMAT = "dwarf-with-dsym";
				ENABLE_NS_ASSERTIONS = NO;
				ENABLE_STRICT_OBJC_MSGSEND = YES;
				GCC_C_LANGUAGE_STANDARD = gnu11;
				GCC_NO_COMMON_BLOCKS = YES;
				GCC_WARN_64_TO_32_BIT_CONVERSION = YES;
				GCC_WARN_ABOUT_RETURN_TYPE = YES_ERROR;
				GCC_WARN_UNDECLARED_SELECTOR = YES;
				GCC_WARN_UNINITIALIZED_AUTOS = YES_AGGRESSIVE;
				GCC_WARN_UNUSED_FUNCTION = YES;
				GCC_WARN_UNUSED_VARIABLE = YES;
				IPHONEOS_DEPLOYMENT_TARGET = 11.0;
				MTL_ENABLE_DEBUG_INFO = NO;
				MTL_FAST_MATH = YES;
				SDKROOT = iphoneos;
				SWIFT_COMPILATION_MODE = wholemodule;
				SWIFT_OPTIMIZATION_LEVEL = "-O";
				VALIDATE_PRODUCT = YES;
			};
			name = "Release (Production)";
		};
		3276F782225B76E500A59503 /* Debug (Production) */ = {
			isa = XCBuildConfiguration;
			baseConfigurationReference = 329F0B7F230C9F6D00EF3A5D /* Production.debug.xcconfig */;
			buildSettings = {
				ASSETCATALOG_COMPILER_APPICON_NAME = AppIcon;
				CODE_SIGN_STYLE = Automatic;
				IBSC_MODULE = "$(PRODUCT_MODULE_NAME)";
				INFOPLIST_FILE = "$(SRCROOT)/{{ cookiecutter.app_name }}/SupportingFiles/Info.plist";
				LD_RUNPATH_SEARCH_PATHS = (
					"$(inherited)",
					"@executable_path/Frameworks",
				);
				PRODUCT_MODULE_NAME = "$(BASE_PRODUCT_NAME)";
				SWIFT_VERSION = 4.2;
				TARGETED_DEVICE_FAMILY = "1,2";
			};
			name = "Debug (Production)";
		};
		3276F783225B76E500A59503 /* Release (Production) */ = {
			isa = XCBuildConfiguration;
			baseConfigurationReference = 329F0B81230C9F9E00EF3A5D /* Production.release.xcconfig */;
			buildSettings = {
				ASSETCATALOG_COMPILER_APPICON_NAME = AppIcon;
				CODE_SIGN_STYLE = Automatic;
				IBSC_MODULE = "$(PRODUCT_MODULE_NAME)";
				INFOPLIST_FILE = "$(SRCROOT)/{{ cookiecutter.app_name }}/SupportingFiles/Info.plist";
				LD_RUNPATH_SEARCH_PATHS = (
					"$(inherited)",
					"@executable_path/Frameworks",
				);
				PRODUCT_MODULE_NAME = "$(BASE_PRODUCT_NAME)";
				SWIFT_VERSION = 4.2;
				TARGETED_DEVICE_FAMILY = "1,2";
			};
			name = "Release (Production)";
		};
		3276F785225B76E500A59503 /* Debug (Production) */ = {
			isa = XCBuildConfiguration;
			baseConfigurationReference = 329F0B7F230C9F6D00EF3A5D /* Production.debug.xcconfig */;
			buildSettings = {
				ALWAYS_EMBED_SWIFT_STANDARD_LIBRARIES = YES;
				BUNDLE_LOADER = "$(TEST_HOST)";
				CODE_SIGN_STYLE = Automatic;
				INFOPLIST_FILE = "{{ cookiecutter.app_name }}Tests/Info.plist";
				LD_RUNPATH_SEARCH_PATHS = (
					"$(inherited)",
					"@executable_path/Frameworks",
					"@loader_path/Frameworks",
				);
				PRODUCT_BUNDLE_IDENTIFIER = "{{ cookiecutter.organization_identifier }}.{{ cookiecutter.app_name }}Tests";
				PRODUCT_NAME = "$(TARGET_NAME)";
				SWIFT_VERSION = 4.2;
				TARGETED_DEVICE_FAMILY = "1,2";
				TEST_HOST = "$(BUILT_PRODUCTS_DIR)/{{ cookiecutter.app_name }}.app/{{ cookiecutter.app_name }}";
			};
			name = "Debug (Production)";
		};
		3276F786225B76E500A59503 /* Release (Production) */ = {
			isa = XCBuildConfiguration;
			baseConfigurationReference = 329F0B81230C9F9E00EF3A5D /* Production.release.xcconfig */;
			buildSettings = {
				ALWAYS_EMBED_SWIFT_STANDARD_LIBRARIES = YES;
				BUNDLE_LOADER = "$(TEST_HOST)";
				CODE_SIGN_STYLE = Automatic;
				INFOPLIST_FILE = "{{ cookiecutter.app_name }}Tests/Info.plist";
				LD_RUNPATH_SEARCH_PATHS = (
					"$(inherited)",
					"@executable_path/Frameworks",
					"@loader_path/Frameworks",
				);
				PRODUCT_BUNDLE_IDENTIFIER = "{{ cookiecutter.organization_identifier }}.{{ cookiecutter.app_name }}Tests";
				PRODUCT_NAME = "$(TARGET_NAME)";
				SWIFT_VERSION = 4.2;
				TARGETED_DEVICE_FAMILY = "1,2";
				TEST_HOST = "$(BUILT_PRODUCTS_DIR)/{{ cookiecutter.app_name }}.app/{{ cookiecutter.app_name }}";
			};
			name = "Release (Production)";
		};
		3276F788225B76E500A59503 /* Debug (Production) */ = {
			isa = XCBuildConfiguration;
			baseConfigurationReference = 329F0B7F230C9F6D00EF3A5D /* Production.debug.xcconfig */;
			buildSettings = {
				ALWAYS_EMBED_SWIFT_STANDARD_LIBRARIES = YES;
				CODE_SIGN_STYLE = Automatic;
				INFOPLIST_FILE = "{{ cookiecutter.app_name }}UITests/Info.plist";
				LD_RUNPATH_SEARCH_PATHS = (
					"$(inherited)",
					"@executable_path/Frameworks",
					"@loader_path/Frameworks",
				);
				PRODUCT_BUNDLE_IDENTIFIER = "{{ cookiecutter.organization_identifier }}.{{ cookiecutter.app_name }}UITests";
				PRODUCT_NAME = "$(TARGET_NAME)";
				SWIFT_VERSION = 4.2;
				TARGETED_DEVICE_FAMILY = "1,2";
				TEST_TARGET_NAME = "{{ cookiecutter.app_name }}";
			};
			name = "Debug (Production)";
		};
		3276F789225B76E500A59503 /* Release (Production) */ = {
			isa = XCBuildConfiguration;
			baseConfigurationReference = 329F0B81230C9F9E00EF3A5D /* Production.release.xcconfig */;
			buildSettings = {
				ALWAYS_EMBED_SWIFT_STANDARD_LIBRARIES = YES;
				CODE_SIGN_STYLE = Automatic;
				INFOPLIST_FILE = "{{ cookiecutter.app_name }}UITests/Info.plist";
				LD_RUNPATH_SEARCH_PATHS = (
					"$(inherited)",
					"@executable_path/Frameworks",
					"@loader_path/Frameworks",
				);
				PRODUCT_BUNDLE_IDENTIFIER = "{{ cookiecutter.organization_identifier }}.{{ cookiecutter.app_name }}UITests";
				PRODUCT_NAME = "$(TARGET_NAME)";
				SWIFT_VERSION = 4.2;
				TARGETED_DEVICE_FAMILY = "1,2";
				TEST_TARGET_NAME = "{{ cookiecutter.app_name }}";
			};
			name = "Release (Production)";
		};
		32DC2F8B2260148F00B28E5E /* Debug (Staging) */ = {
			isa = XCBuildConfiguration;
			baseConfigurationReference = 329F0B83230CA07400EF3A5D /* Staging.debug.xcconfig */;
			buildSettings = {
				ALWAYS_SEARCH_USER_PATHS = NO;
				CLANG_ANALYZER_LOCALIZABILITY_NONLOCALIZED = YES;
				CLANG_ANALYZER_NONNULL = YES;
				CLANG_ANALYZER_NUMBER_OBJECT_CONVERSION = YES_AGGRESSIVE;
				CLANG_CXX_LANGUAGE_STANDARD = "gnu++14";
				CLANG_CXX_LIBRARY = "libc++";
				CLANG_ENABLE_MODULES = YES;
				CLANG_ENABLE_OBJC_ARC = YES;
				CLANG_ENABLE_OBJC_WEAK = YES;
				CLANG_WARN_BLOCK_CAPTURE_AUTORELEASING = YES;
				CLANG_WARN_BOOL_CONVERSION = YES;
				CLANG_WARN_COMMA = YES;
				CLANG_WARN_CONSTANT_CONVERSION = YES;
				CLANG_WARN_DEPRECATED_OBJC_IMPLEMENTATIONS = YES;
				CLANG_WARN_DIRECT_OBJC_ISA_USAGE = YES_ERROR;
				CLANG_WARN_DOCUMENTATION_COMMENTS = YES;
				CLANG_WARN_EMPTY_BODY = YES;
				CLANG_WARN_ENUM_CONVERSION = YES;
				CLANG_WARN_INFINITE_RECURSION = YES;
				CLANG_WARN_INT_CONVERSION = YES;
				CLANG_WARN_NON_LITERAL_NULL_CONVERSION = YES;
				CLANG_WARN_OBJC_IMPLICIT_RETAIN_SELF = YES;
				CLANG_WARN_OBJC_LITERAL_CONVERSION = YES;
				CLANG_WARN_OBJC_ROOT_CLASS = YES_ERROR;
				CLANG_WARN_RANGE_LOOP_ANALYSIS = YES;
				CLANG_WARN_STRICT_PROTOTYPES = YES;
				CLANG_WARN_SUSPICIOUS_MOVE = YES;
				CLANG_WARN_UNGUARDED_AVAILABILITY = YES_AGGRESSIVE;
				CLANG_WARN_UNREACHABLE_CODE = YES;
				CLANG_WARN__DUPLICATE_METHOD_MATCH = YES;
				CODE_SIGN_IDENTITY = "iPhone Developer";
				COPY_PHASE_STRIP = NO;
				DEBUG_INFORMATION_FORMAT = dwarf;
				ENABLE_STRICT_OBJC_MSGSEND = YES;
				ENABLE_TESTABILITY = YES;
				GCC_C_LANGUAGE_STANDARD = gnu11;
				GCC_DYNAMIC_NO_PIC = NO;
				GCC_NO_COMMON_BLOCKS = YES;
				GCC_OPTIMIZATION_LEVEL = 0;
				GCC_PREPROCESSOR_DEFINITIONS = (
					"DEBUG=1",
					"$(inherited)",
				);
				GCC_WARN_64_TO_32_BIT_CONVERSION = YES;
				GCC_WARN_ABOUT_RETURN_TYPE = YES_ERROR;
				GCC_WARN_UNDECLARED_SELECTOR = YES;
				GCC_WARN_UNINITIALIZED_AUTOS = YES_AGGRESSIVE;
				GCC_WARN_UNUSED_FUNCTION = YES;
				GCC_WARN_UNUSED_VARIABLE = YES;
				IPHONEOS_DEPLOYMENT_TARGET = 11.0;
				MTL_ENABLE_DEBUG_INFO = INCLUDE_SOURCE;
				MTL_FAST_MATH = YES;
				ONLY_ACTIVE_ARCH = YES;
				SDKROOT = iphoneos;
				SWIFT_ACTIVE_COMPILATION_CONDITIONS = DEBUG;
				SWIFT_OPTIMIZATION_LEVEL = "-Onone";
			};
			name = "Debug (Staging)";
		};
		32DC2F8C2260148F00B28E5E /* Debug (Staging) */ = {
			isa = XCBuildConfiguration;
			baseConfigurationReference = 329F0B83230CA07400EF3A5D /* Staging.debug.xcconfig */;
			buildSettings = {
				ASSETCATALOG_COMPILER_APPICON_NAME = AppIcon;
				CODE_SIGN_STYLE = Automatic;
				IBSC_MODULE = "$(PRODUCT_MODULE_NAME)";
				INFOPLIST_FILE = "$(SRCROOT)/{{ cookiecutter.app_name }}/SupportingFiles/Info.plist";
				LD_RUNPATH_SEARCH_PATHS = (
					"$(inherited)",
					"@executable_path/Frameworks",
				);
				PRODUCT_MODULE_NAME = "$(BASE_PRODUCT_NAME)";
				SWIFT_VERSION = 4.2;
				TARGETED_DEVICE_FAMILY = "1,2";
			};
			name = "Debug (Staging)";
		};
		32DC2F8D2260148F00B28E5E /* Debug (Staging) */ = {
			isa = XCBuildConfiguration;
			baseConfigurationReference = 329F0B83230CA07400EF3A5D /* Staging.debug.xcconfig */;
			buildSettings = {
				ALWAYS_EMBED_SWIFT_STANDARD_LIBRARIES = YES;
				BUNDLE_LOADER = "$(TEST_HOST)";
				CODE_SIGN_STYLE = Automatic;
				INFOPLIST_FILE = "{{ cookiecutter.app_name }}Tests/Info.plist";
				LD_RUNPATH_SEARCH_PATHS = (
					"$(inherited)",
					"@executable_path/Frameworks",
					"@loader_path/Frameworks",
				);
				PRODUCT_BUNDLE_IDENTIFIER = "{{ cookiecutter.organization_identifier }}.{{ cookiecutter.app_name }}Tests";
				PRODUCT_NAME = "$(TARGET_NAME)";
				SWIFT_VERSION = 4.2;
				TARGETED_DEVICE_FAMILY = "1,2";
				TEST_HOST = "$(BUILT_PRODUCTS_DIR)/{{ cookiecutter.app_name }}.app/{{ cookiecutter.app_name }}";
			};
			name = "Debug (Staging)";
		};
		32DC2F8E2260148F00B28E5E /* Debug (Staging) */ = {
			isa = XCBuildConfiguration;
			baseConfigurationReference = 329F0B83230CA07400EF3A5D /* Staging.debug.xcconfig */;
			buildSettings = {
				ALWAYS_EMBED_SWIFT_STANDARD_LIBRARIES = YES;
				CODE_SIGN_STYLE = Automatic;
				INFOPLIST_FILE = "{{ cookiecutter.app_name }}UITests/Info.plist";
				LD_RUNPATH_SEARCH_PATHS = (
					"$(inherited)",
					"@executable_path/Frameworks",
					"@loader_path/Frameworks",
				);
				PRODUCT_BUNDLE_IDENTIFIER = "{{ cookiecutter.organization_identifier }}.{{ cookiecutter.app_name }}UITests";
				PRODUCT_NAME = "$(TARGET_NAME)";
				SWIFT_VERSION = 4.2;
				TARGETED_DEVICE_FAMILY = "1,2";
				TEST_TARGET_NAME = "{{ cookiecutter.app_name }}";
			};
			name = "Debug (Staging)";
		};
		32DC2F8F2260149200B28E5E /* Debug (Development) */ = {
			isa = XCBuildConfiguration;
			baseConfigurationReference = 32E49B7B230D34F600DAA757 /* Development.debug.xcconfig */;
			buildSettings = {
				ALWAYS_SEARCH_USER_PATHS = NO;
				CLANG_ANALYZER_LOCALIZABILITY_NONLOCALIZED = YES;
				CLANG_ANALYZER_NONNULL = YES;
				CLANG_ANALYZER_NUMBER_OBJECT_CONVERSION = YES_AGGRESSIVE;
				CLANG_CXX_LANGUAGE_STANDARD = "gnu++14";
				CLANG_CXX_LIBRARY = "libc++";
				CLANG_ENABLE_MODULES = YES;
				CLANG_ENABLE_OBJC_ARC = YES;
				CLANG_ENABLE_OBJC_WEAK = YES;
				CLANG_WARN_BLOCK_CAPTURE_AUTORELEASING = YES;
				CLANG_WARN_BOOL_CONVERSION = YES;
				CLANG_WARN_COMMA = YES;
				CLANG_WARN_CONSTANT_CONVERSION = YES;
				CLANG_WARN_DEPRECATED_OBJC_IMPLEMENTATIONS = YES;
				CLANG_WARN_DIRECT_OBJC_ISA_USAGE = YES_ERROR;
				CLANG_WARN_DOCUMENTATION_COMMENTS = YES;
				CLANG_WARN_EMPTY_BODY = YES;
				CLANG_WARN_ENUM_CONVERSION = YES;
				CLANG_WARN_INFINITE_RECURSION = YES;
				CLANG_WARN_INT_CONVERSION = YES;
				CLANG_WARN_NON_LITERAL_NULL_CONVERSION = YES;
				CLANG_WARN_OBJC_IMPLICIT_RETAIN_SELF = YES;
				CLANG_WARN_OBJC_LITERAL_CONVERSION = YES;
				CLANG_WARN_OBJC_ROOT_CLASS = YES_ERROR;
				CLANG_WARN_RANGE_LOOP_ANALYSIS = YES;
				CLANG_WARN_STRICT_PROTOTYPES = YES;
				CLANG_WARN_SUSPICIOUS_MOVE = YES;
				CLANG_WARN_UNGUARDED_AVAILABILITY = YES_AGGRESSIVE;
				CLANG_WARN_UNREACHABLE_CODE = YES;
				CLANG_WARN__DUPLICATE_METHOD_MATCH = YES;
				CODE_SIGN_IDENTITY = "iPhone Developer";
				COPY_PHASE_STRIP = NO;
				DEBUG_INFORMATION_FORMAT = dwarf;
				ENABLE_STRICT_OBJC_MSGSEND = YES;
				ENABLE_TESTABILITY = YES;
				GCC_C_LANGUAGE_STANDARD = gnu11;
				GCC_DYNAMIC_NO_PIC = NO;
				GCC_NO_COMMON_BLOCKS = YES;
				GCC_OPTIMIZATION_LEVEL = 0;
				GCC_PREPROCESSOR_DEFINITIONS = (
					"DEBUG=1",
					"$(inherited)",
				);
				GCC_WARN_64_TO_32_BIT_CONVERSION = YES;
				GCC_WARN_ABOUT_RETURN_TYPE = YES_ERROR;
				GCC_WARN_UNDECLARED_SELECTOR = YES;
				GCC_WARN_UNINITIALIZED_AUTOS = YES_AGGRESSIVE;
				GCC_WARN_UNUSED_FUNCTION = YES;
				GCC_WARN_UNUSED_VARIABLE = YES;
				IPHONEOS_DEPLOYMENT_TARGET = 11.0;
				MTL_ENABLE_DEBUG_INFO = INCLUDE_SOURCE;
				MTL_FAST_MATH = YES;
				ONLY_ACTIVE_ARCH = YES;
				SDKROOT = iphoneos;
				SWIFT_ACTIVE_COMPILATION_CONDITIONS = DEBUG;
				SWIFT_OPTIMIZATION_LEVEL = "-Onone";
			};
			name = "Debug (Development)";
		};
		32DC2F902260149200B28E5E /* Debug (Development) */ = {
			isa = XCBuildConfiguration;
			baseConfigurationReference = 32E49B7B230D34F600DAA757 /* Development.debug.xcconfig */;
			buildSettings = {
				ASSETCATALOG_COMPILER_APPICON_NAME = AppIcon;
				CODE_SIGN_STYLE = Automatic;
				IBSC_MODULE = "$(PRODUCT_MODULE_NAME)";
				INFOPLIST_FILE = "$(SRCROOT)/{{ cookiecutter.app_name }}/SupportingFiles/Info.plist";
				LD_RUNPATH_SEARCH_PATHS = (
					"$(inherited)",
					"@executable_path/Frameworks",
				);
				PRODUCT_MODULE_NAME = "$(BASE_PRODUCT_NAME)";
				SWIFT_VERSION = 4.2;
				TARGETED_DEVICE_FAMILY = "1,2";
			};
			name = "Debug (Development)";
		};
		32DC2F912260149200B28E5E /* Debug (Development) */ = {
			isa = XCBuildConfiguration;
			baseConfigurationReference = 32E49B7B230D34F600DAA757 /* Development.debug.xcconfig */;
			buildSettings = {
				ALWAYS_EMBED_SWIFT_STANDARD_LIBRARIES = YES;
				BUNDLE_LOADER = "$(TEST_HOST)";
				CODE_SIGN_STYLE = Automatic;
				INFOPLIST_FILE = "{{ cookiecutter.app_name }}Tests/Info.plist";
				LD_RUNPATH_SEARCH_PATHS = (
					"$(inherited)",
					"@executable_path/Frameworks",
					"@loader_path/Frameworks",
				);
				PRODUCT_BUNDLE_IDENTIFIER = "{{ cookiecutter.organization_identifier }}.{{ cookiecutter.app_name }}Tests";
				PRODUCT_NAME = "$(TARGET_NAME)";
				SWIFT_VERSION = 4.2;
				TARGETED_DEVICE_FAMILY = "1,2";
				TEST_HOST = "$(BUILT_PRODUCTS_DIR)/{{ cookiecutter.app_name }}.app/{{ cookiecutter.app_name }}";
			};
			name = "Debug (Development)";
		};
		32DC2F922260149200B28E5E /* Debug (Development) */ = {
			isa = XCBuildConfiguration;
			baseConfigurationReference = 32E49B7B230D34F600DAA757 /* Development.debug.xcconfig */;
			buildSettings = {
				ALWAYS_EMBED_SWIFT_STANDARD_LIBRARIES = YES;
				CODE_SIGN_STYLE = Automatic;
				INFOPLIST_FILE = "{{ cookiecutter.app_name }}UITests/Info.plist";
				LD_RUNPATH_SEARCH_PATHS = (
					"$(inherited)",
					"@executable_path/Frameworks",
					"@loader_path/Frameworks",
				);
				PRODUCT_BUNDLE_IDENTIFIER = "{{ cookiecutter.organization_identifier }}.{{ cookiecutter.app_name }}UITests";
				PRODUCT_NAME = "$(TARGET_NAME)";
				SWIFT_VERSION = 4.2;
				TARGETED_DEVICE_FAMILY = "1,2";
				TEST_TARGET_NAME = "{{ cookiecutter.app_name }}";
			};
			name = "Debug (Development)";
		};
		32DC2F93226014D600B28E5E /* Release (Development) */ = {
			isa = XCBuildConfiguration;
			baseConfigurationReference = 329F0B89230CA0F100EF3A5D /* Development.release.xcconfig */;
			buildSettings = {
				ALWAYS_SEARCH_USER_PATHS = NO;
				CLANG_ANALYZER_LOCALIZABILITY_NONLOCALIZED = YES;
				CLANG_ANALYZER_NONNULL = YES;
				CLANG_ANALYZER_NUMBER_OBJECT_CONVERSION = YES_AGGRESSIVE;
				CLANG_CXX_LANGUAGE_STANDARD = "gnu++14";
				CLANG_CXX_LIBRARY = "libc++";
				CLANG_ENABLE_MODULES = YES;
				CLANG_ENABLE_OBJC_ARC = YES;
				CLANG_ENABLE_OBJC_WEAK = YES;
				CLANG_WARN_BLOCK_CAPTURE_AUTORELEASING = YES;
				CLANG_WARN_BOOL_CONVERSION = YES;
				CLANG_WARN_COMMA = YES;
				CLANG_WARN_CONSTANT_CONVERSION = YES;
				CLANG_WARN_DEPRECATED_OBJC_IMPLEMENTATIONS = YES;
				CLANG_WARN_DIRECT_OBJC_ISA_USAGE = YES_ERROR;
				CLANG_WARN_DOCUMENTATION_COMMENTS = YES;
				CLANG_WARN_EMPTY_BODY = YES;
				CLANG_WARN_ENUM_CONVERSION = YES;
				CLANG_WARN_INFINITE_RECURSION = YES;
				CLANG_WARN_INT_CONVERSION = YES;
				CLANG_WARN_NON_LITERAL_NULL_CONVERSION = YES;
				CLANG_WARN_OBJC_IMPLICIT_RETAIN_SELF = YES;
				CLANG_WARN_OBJC_LITERAL_CONVERSION = YES;
				CLANG_WARN_OBJC_ROOT_CLASS = YES_ERROR;
				CLANG_WARN_RANGE_LOOP_ANALYSIS = YES;
				CLANG_WARN_STRICT_PROTOTYPES = YES;
				CLANG_WARN_SUSPICIOUS_MOVE = YES;
				CLANG_WARN_UNGUARDED_AVAILABILITY = YES_AGGRESSIVE;
				CLANG_WARN_UNREACHABLE_CODE = YES;
				CLANG_WARN__DUPLICATE_METHOD_MATCH = YES;
				CODE_SIGN_IDENTITY = "iPhone Developer";
				COPY_PHASE_STRIP = NO;
				DEBUG_INFORMATION_FORMAT = "dwarf-with-dsym";
				ENABLE_NS_ASSERTIONS = NO;
				ENABLE_STRICT_OBJC_MSGSEND = YES;
				GCC_C_LANGUAGE_STANDARD = gnu11;
				GCC_NO_COMMON_BLOCKS = YES;
				GCC_WARN_64_TO_32_BIT_CONVERSION = YES;
				GCC_WARN_ABOUT_RETURN_TYPE = YES_ERROR;
				GCC_WARN_UNDECLARED_SELECTOR = YES;
				GCC_WARN_UNINITIALIZED_AUTOS = YES_AGGRESSIVE;
				GCC_WARN_UNUSED_FUNCTION = YES;
				GCC_WARN_UNUSED_VARIABLE = YES;
				IPHONEOS_DEPLOYMENT_TARGET = 11.0;
				MTL_ENABLE_DEBUG_INFO = NO;
				MTL_FAST_MATH = YES;
				SDKROOT = iphoneos;
				SWIFT_COMPILATION_MODE = wholemodule;
				SWIFT_OPTIMIZATION_LEVEL = "-O";
				VALIDATE_PRODUCT = YES;
			};
			name = "Release (Development)";
		};
		32DC2F94226014D600B28E5E /* Release (Development) */ = {
			isa = XCBuildConfiguration;
			baseConfigurationReference = 329F0B89230CA0F100EF3A5D /* Development.release.xcconfig */;
			buildSettings = {
				ASSETCATALOG_COMPILER_APPICON_NAME = AppIcon;
				CODE_SIGN_STYLE = Automatic;
				IBSC_MODULE = "$(PRODUCT_MODULE_NAME)";
				INFOPLIST_FILE = "$(SRCROOT)/{{ cookiecutter.app_name }}/SupportingFiles/Info.plist";
				LD_RUNPATH_SEARCH_PATHS = (
					"$(inherited)",
					"@executable_path/Frameworks",
				);
				PRODUCT_MODULE_NAME = "$(BASE_PRODUCT_NAME)";
				SWIFT_VERSION = 4.2;
				TARGETED_DEVICE_FAMILY = "1,2";
			};
			name = "Release (Development)";
		};
		32DC2F95226014D600B28E5E /* Release (Development) */ = {
			isa = XCBuildConfiguration;
			baseConfigurationReference = 329F0B89230CA0F100EF3A5D /* Development.release.xcconfig */;
			buildSettings = {
				ALWAYS_EMBED_SWIFT_STANDARD_LIBRARIES = YES;
				BUNDLE_LOADER = "$(TEST_HOST)";
				CODE_SIGN_STYLE = Automatic;
				INFOPLIST_FILE = "{{ cookiecutter.app_name }}Tests/Info.plist";
				LD_RUNPATH_SEARCH_PATHS = (
					"$(inherited)",
					"@executable_path/Frameworks",
					"@loader_path/Frameworks",
				);
				PRODUCT_BUNDLE_IDENTIFIER = "{{ cookiecutter.organization_identifier }}.{{ cookiecutter.app_name }}Tests";
				PRODUCT_NAME = "$(TARGET_NAME)";
				SWIFT_VERSION = 4.2;
				TARGETED_DEVICE_FAMILY = "1,2";
				TEST_HOST = "$(BUILT_PRODUCTS_DIR)/{{ cookiecutter.app_name }}.app/{{ cookiecutter.app_name }}";
			};
			name = "Release (Development)";
		};
		32DC2F96226014D600B28E5E /* Release (Development) */ = {
			isa = XCBuildConfiguration;
			baseConfigurationReference = 329F0B89230CA0F100EF3A5D /* Development.release.xcconfig */;
			buildSettings = {
				ALWAYS_EMBED_SWIFT_STANDARD_LIBRARIES = YES;
				CODE_SIGN_STYLE = Automatic;
				INFOPLIST_FILE = "{{ cookiecutter.app_name }}UITests/Info.plist";
				LD_RUNPATH_SEARCH_PATHS = (
					"$(inherited)",
					"@executable_path/Frameworks",
					"@loader_path/Frameworks",
				);
				PRODUCT_BUNDLE_IDENTIFIER = "{{ cookiecutter.organization_identifier }}.{{ cookiecutter.app_name }}UITests";
				PRODUCT_NAME = "$(TARGET_NAME)";
				SWIFT_VERSION = 4.2;
				TARGETED_DEVICE_FAMILY = "1,2";
				TEST_TARGET_NAME = "{{ cookiecutter.app_name }}";
			};
			name = "Release (Development)";
		};
		32DC2F97226014D900B28E5E /* Release (Staging) */ = {
			isa = XCBuildConfiguration;
			baseConfigurationReference = 329F0B85230CA0A200EF3A5D /* Staging.release.xcconfig */;
			buildSettings = {
				ALWAYS_SEARCH_USER_PATHS = NO;
				CLANG_ANALYZER_LOCALIZABILITY_NONLOCALIZED = YES;
				CLANG_ANALYZER_NONNULL = YES;
				CLANG_ANALYZER_NUMBER_OBJECT_CONVERSION = YES_AGGRESSIVE;
				CLANG_CXX_LANGUAGE_STANDARD = "gnu++14";
				CLANG_CXX_LIBRARY = "libc++";
				CLANG_ENABLE_MODULES = YES;
				CLANG_ENABLE_OBJC_ARC = YES;
				CLANG_ENABLE_OBJC_WEAK = YES;
				CLANG_WARN_BLOCK_CAPTURE_AUTORELEASING = YES;
				CLANG_WARN_BOOL_CONVERSION = YES;
				CLANG_WARN_COMMA = YES;
				CLANG_WARN_CONSTANT_CONVERSION = YES;
				CLANG_WARN_DEPRECATED_OBJC_IMPLEMENTATIONS = YES;
				CLANG_WARN_DIRECT_OBJC_ISA_USAGE = YES_ERROR;
				CLANG_WARN_DOCUMENTATION_COMMENTS = YES;
				CLANG_WARN_EMPTY_BODY = YES;
				CLANG_WARN_ENUM_CONVERSION = YES;
				CLANG_WARN_INFINITE_RECURSION = YES;
				CLANG_WARN_INT_CONVERSION = YES;
				CLANG_WARN_NON_LITERAL_NULL_CONVERSION = YES;
				CLANG_WARN_OBJC_IMPLICIT_RETAIN_SELF = YES;
				CLANG_WARN_OBJC_LITERAL_CONVERSION = YES;
				CLANG_WARN_OBJC_ROOT_CLASS = YES_ERROR;
				CLANG_WARN_RANGE_LOOP_ANALYSIS = YES;
				CLANG_WARN_STRICT_PROTOTYPES = YES;
				CLANG_WARN_SUSPICIOUS_MOVE = YES;
				CLANG_WARN_UNGUARDED_AVAILABILITY = YES_AGGRESSIVE;
				CLANG_WARN_UNREACHABLE_CODE = YES;
				CLANG_WARN__DUPLICATE_METHOD_MATCH = YES;
				CODE_SIGN_IDENTITY = "iPhone Developer";
				COPY_PHASE_STRIP = NO;
				DEBUG_INFORMATION_FORMAT = "dwarf-with-dsym";
				ENABLE_NS_ASSERTIONS = NO;
				ENABLE_STRICT_OBJC_MSGSEND = YES;
				GCC_C_LANGUAGE_STANDARD = gnu11;
				GCC_NO_COMMON_BLOCKS = YES;
				GCC_WARN_64_TO_32_BIT_CONVERSION = YES;
				GCC_WARN_ABOUT_RETURN_TYPE = YES_ERROR;
				GCC_WARN_UNDECLARED_SELECTOR = YES;
				GCC_WARN_UNINITIALIZED_AUTOS = YES_AGGRESSIVE;
				GCC_WARN_UNUSED_FUNCTION = YES;
				GCC_WARN_UNUSED_VARIABLE = YES;
				IPHONEOS_DEPLOYMENT_TARGET = 11.0;
				MTL_ENABLE_DEBUG_INFO = NO;
				MTL_FAST_MATH = YES;
				SDKROOT = iphoneos;
				SWIFT_COMPILATION_MODE = wholemodule;
				SWIFT_OPTIMIZATION_LEVEL = "-O";
				VALIDATE_PRODUCT = YES;
			};
			name = "Release (Staging)";
		};
		32DC2F98226014D900B28E5E /* Release (Staging) */ = {
			isa = XCBuildConfiguration;
			baseConfigurationReference = 329F0B85230CA0A200EF3A5D /* Staging.release.xcconfig */;
			buildSettings = {
				ASSETCATALOG_COMPILER_APPICON_NAME = AppIcon;
				CODE_SIGN_STYLE = Automatic;
				IBSC_MODULE = "$(PRODUCT_MODULE_NAME)";
				INFOPLIST_FILE = "$(SRCROOT)/{{ cookiecutter.app_name }}/SupportingFiles/Info.plist";
				LD_RUNPATH_SEARCH_PATHS = (
					"$(inherited)",
					"@executable_path/Frameworks",
				);
				PRODUCT_MODULE_NAME = "$(BASE_PRODUCT_NAME)";
				SWIFT_VERSION = 4.2;
				TARGETED_DEVICE_FAMILY = "1,2";
			};
			name = "Release (Staging)";
		};
		32DC2F99226014D900B28E5E /* Release (Staging) */ = {
			isa = XCBuildConfiguration;
			baseConfigurationReference = 329F0B85230CA0A200EF3A5D /* Staging.release.xcconfig */;
			buildSettings = {
				ALWAYS_EMBED_SWIFT_STANDARD_LIBRARIES = YES;
				BUNDLE_LOADER = "$(TEST_HOST)";
				CODE_SIGN_STYLE = Automatic;
				INFOPLIST_FILE = "{{ cookiecutter.app_name }}Tests/Info.plist";
				LD_RUNPATH_SEARCH_PATHS = (
					"$(inherited)",
					"@executable_path/Frameworks",
					"@loader_path/Frameworks",
				);
				PRODUCT_BUNDLE_IDENTIFIER = "{{ cookiecutter.organization_identifier }}.{{ cookiecutter.app_name }}Tests";
				PRODUCT_NAME = "$(TARGET_NAME)";
				SWIFT_VERSION = 4.2;
				TARGETED_DEVICE_FAMILY = "1,2";
				TEST_HOST = "$(BUILT_PRODUCTS_DIR)/{{ cookiecutter.app_name }}.app/{{ cookiecutter.app_name }}";
			};
			name = "Release (Staging)";
		};
		32DC2F9A226014D900B28E5E /* Release (Staging) */ = {
			isa = XCBuildConfiguration;
			baseConfigurationReference = 329F0B85230CA0A200EF3A5D /* Staging.release.xcconfig */;
			buildSettings = {
				ALWAYS_EMBED_SWIFT_STANDARD_LIBRARIES = YES;
				CODE_SIGN_STYLE = Automatic;
				INFOPLIST_FILE = "{{ cookiecutter.app_name }}UITests/Info.plist";
				LD_RUNPATH_SEARCH_PATHS = (
					"$(inherited)",
					"@executable_path/Frameworks",
					"@loader_path/Frameworks",
				);
				PRODUCT_BUNDLE_IDENTIFIER = "{{ cookiecutter.organization_identifier }}.{{ cookiecutter.app_name }}UITests";
				PRODUCT_NAME = "$(TARGET_NAME)";
				SWIFT_VERSION = 4.2;
				TARGETED_DEVICE_FAMILY = "1,2";
				TEST_TARGET_NAME = "{{ cookiecutter.app_name }}";
			};
			name = "Release (Staging)";
		};
/* End XCBuildConfiguration section */

/* Begin XCConfigurationList section */
		3276F751225B76E400A59503 /* Build configuration list for PBXProject "{{ cookiecutter.app_name }}" */ = {
			isa = XCConfigurationList;
			buildConfigurations = (
				3276F77F225B76E500A59503 /* Debug (Production) */,
				32DC2F8F2260149200B28E5E /* Debug (Development) */,
				32DC2F8B2260148F00B28E5E /* Debug (Staging) */,
				3276F780225B76E500A59503 /* Release (Production) */,
				32DC2F93226014D600B28E5E /* Release (Development) */,
				32DC2F97226014D900B28E5E /* Release (Staging) */,
			);
			defaultConfigurationIsVisible = 0;
			defaultConfigurationName = "Release (Production)";
		};
		3276F781225B76E500A59503 /* Build configuration list for PBXNativeTarget "{{ cookiecutter.app_name }}" */ = {
			isa = XCConfigurationList;
			buildConfigurations = (
				3276F782225B76E500A59503 /* Debug (Production) */,
				32DC2F902260149200B28E5E /* Debug (Development) */,
				32DC2F8C2260148F00B28E5E /* Debug (Staging) */,
				3276F783225B76E500A59503 /* Release (Production) */,
				32DC2F94226014D600B28E5E /* Release (Development) */,
				32DC2F98226014D900B28E5E /* Release (Staging) */,
			);
			defaultConfigurationIsVisible = 0;
			defaultConfigurationName = "Release (Production)";
		};
		3276F784225B76E500A59503 /* Build configuration list for PBXNativeTarget "{{ cookiecutter.app_name }}Tests" */ = {
			isa = XCConfigurationList;
			buildConfigurations = (
				3276F785225B76E500A59503 /* Debug (Production) */,
				32DC2F912260149200B28E5E /* Debug (Development) */,
				32DC2F8D2260148F00B28E5E /* Debug (Staging) */,
				3276F786225B76E500A59503 /* Release (Production) */,
				32DC2F95226014D600B28E5E /* Release (Development) */,
				32DC2F99226014D900B28E5E /* Release (Staging) */,
			);
			defaultConfigurationIsVisible = 0;
			defaultConfigurationName = "Release (Production)";
		};
		3276F787225B76E500A59503 /* Build configuration list for PBXNativeTarget "{{ cookiecutter.app_name }}UITests" */ = {
			isa = XCConfigurationList;
			buildConfigurations = (
				3276F788225B76E500A59503 /* Debug (Production) */,
				32DC2F922260149200B28E5E /* Debug (Development) */,
				32DC2F8E2260148F00B28E5E /* Debug (Staging) */,
				3276F789225B76E500A59503 /* Release (Production) */,
				32DC2F96226014D600B28E5E /* Release (Development) */,
				32DC2F9A226014D900B28E5E /* Release (Staging) */,
			);
			defaultConfigurationIsVisible = 0;
			defaultConfigurationName = "Release (Production)";
		};
/* End XCConfigurationList section */

/* Begin XCVersionGroup section */
		3276F760225B76E400A59503 /* {{ cookiecutter.app_name }}.xcdatamodeld */ = {
			isa = XCVersionGroup;
			children = (
				3276F761225B76E400A59503 /* {{ cookiecutter.app_name }}.xcdatamodel */,
			);
			currentVersion = 3276F761225B76E400A59503 /* {{ cookiecutter.app_name }}.xcdatamodel */;
			path = "{{ cookiecutter.app_name }}.xcdatamodeld";
			sourceTree = "<group>";
			versionGroupType = wrapper.xcdatamodel;
		};
/* End XCVersionGroup section */
	};
	rootObject = 3276F74E225B76E400A59503 /* Project object */;
}
